
Microsoft Visual Studio Solution File, Format Version 12.00
# Visual Studio Version 17
VisualStudioVersion = 17.11.35303.130
MinimumVisualStudioVersion = 10.0.40219.1
Project("{FAE04EC0-301F-11D3-BF4B-00C04F79EFBC}") = "EShopSErvice", "EShopSErvice\EShopSErvice.csproj", "{38EBF5EF-97E0-49BC-86B5-C6ED508B4BCB}"
EndProject
Global
	GlobalSection(SolutionConfigurationPlatforms) = preSolution
		Debug|Any CPU = Debug|Any CPU
		Release|Any CPU = Release|Any CPU
	EndGlobalSection
	GlobalSection(ProjectConfigurationPlatforms) = postSolution
		{38EBF5EF-97E0-49BC-86B5-C6ED508B4BCB}.Debug|Any CPU.ActiveCfg = Debug|Any CPU
		{38EBF5EF-97E0-49BC-86B5-C6ED508B4BCB}.Debug|Any CPU.Build.0 = Debug|Any CPU
		{38EBF5EF-97E0-49BC-86B5-C6ED508B4BCB}.Release|Any CPU.ActiveCfg = Release|Any CPU
		{38EBF5EF-97E0-49BC-86B5-C6ED508B4BCB}.Release|Any CPU.Build.0 = Release|Any CPU
	EndGlobalSection
	GlobalSection(SolutionProperties) = preSolution
		HideSolutionNode = FALSE
	EndGlobalSection
	GlobalSection(ExtensibilityGlobals) = postSolution
		SolutionGuid = {183E3BCE-4C75-4218-9105-E155B182D9EF}
	EndGlobalSection
EndGlobal
