
Microsoft Visual Studio Solution File, Format Version 12.00
# Visual Studio Version 17
VisualStudioVersion = 17.11.35303.130
MinimumVisualStudioVersion = 10.0.40219.1
Project("{FAE04EC0-301F-11D3-BF4B-00C04F79EFBC}") = "EShopSErvice", "EShopSErvice\EShopSErvice.csproj", "{38EBF5EF-97E0-49BC-86B5-C6ED508B4BCB}"
EndProject
Project("{FAE04EC0-301F-11D3-BF4B-00C04F79EFBC}") = "EShop.Application", "EShop.Application\EShop.Application.csproj", "{E2E5FFFB-E2AA-4CD7-91B6-7EA1559B79E7}"
EndProject
Project("{FAE04EC0-301F-11D3-BF4B-00C04F79EFBC}") = "EShop.Application.Tests", "EShop.Application.Tests\EShop.Application.Tests.csproj", "{41F7891A-C543-41C8-9BB1-24C0438D2021}"
EndProject
Project("{2150E333-8FDC-42A3-9474-1A3956D46DE8}") = "Tests", "Tests", "{E5F7A70F-6D70-40E9-A28F-74A497200AB6}"
EndProject
Project("{FAE04EC0-301F-11D3-BF4B-00C04F79EFBC}") = "EShop.Domain", "EShop.Domain\EShop.Domain.csproj", "{05148845-35C6-451C-98B6-9E968621ED26}"
EndProject
Project("{FAE04EC0-301F-11D3-BF4B-00C04F79EFBC}") = "EShop.Domain.Tests", "EShop.Domain.Tests\EShop.Domain.Tests.csproj", "{A053B7AE-F3A7-4B90-9E18-25244FE91AAD}"
EndProject
Global
	GlobalSection(SolutionConfigurationPlatforms) = preSolution
		Debug|Any CPU = Debug|Any CPU
		Release|Any CPU = Release|Any CPU
	EndGlobalSection
	GlobalSection(ProjectConfigurationPlatforms) = postSolution
		{38EBF5EF-97E0-49BC-86B5-C6ED508B4BCB}.Debug|Any CPU.ActiveCfg = Debug|Any CPU
		{38EBF5EF-97E0-49BC-86B5-C6ED508B4BCB}.Debug|Any CPU.Build.0 = Debug|Any CPU
		{38EBF5EF-97E0-49BC-86B5-C6ED508B4BCB}.Release|Any CPU.ActiveCfg = Release|Any CPU
		{38EBF5EF-97E0-49BC-86B5-C6ED508B4BCB}.Release|Any CPU.Build.0 = Release|Any CPU
		{E2E5FFFB-E2AA-4CD7-91B6-7EA1559B79E7}.Debug|Any CPU.ActiveCfg = Debug|Any CPU
		{E2E5FFFB-E2AA-4CD7-91B6-7EA1559B79E7}.Debug|Any CPU.Build.0 = Debug|Any CPU
		{E2E5FFFB-E2AA-4CD7-91B6-7EA1559B79E7}.Release|Any CPU.ActiveCfg = Release|Any CPU
		{E2E5FFFB-E2AA-4CD7-91B6-7EA1559B79E7}.Release|Any CPU.Build.0 = Release|Any CPU
		{41F7891A-C543-41C8-9BB1-24C0438D2021}.Debug|Any CPU.ActiveCfg = Debug|Any CPU
		{41F7891A-C543-41C8-9BB1-24C0438D2021}.Debug|Any CPU.Build.0 = Debug|Any CPU
		{41F7891A-C543-41C8-9BB1-24C0438D2021}.Release|Any CPU.ActiveCfg = Release|Any CPU
		{41F7891A-C543-41C8-9BB1-24C0438D2021}.Release|Any CPU.Build.0 = Release|Any CPU
		{05148845-35C6-451C-98B6-9E968621ED26}.Debug|Any CPU.ActiveCfg = Debug|Any CPU
		{05148845-35C6-451C-98B6-9E968621ED26}.Debug|Any CPU.Build.0 = Debug|Any CPU
		{05148845-35C6-451C-98B6-9E968621ED26}.Release|Any CPU.ActiveCfg = Release|Any CPU
		{05148845-35C6-451C-98B6-9E968621ED26}.Release|Any CPU.Build.0 = Release|Any CPU
		{A053B7AE-F3A7-4B90-9E18-25244FE91AAD}.Debug|Any CPU.ActiveCfg = Debug|Any CPU
		{A053B7AE-F3A7-4B90-9E18-25244FE91AAD}.Debug|Any CPU.Build.0 = Debug|Any CPU
		{A053B7AE-F3A7-4B90-9E18-25244FE91AAD}.Release|Any CPU.ActiveCfg = Release|Any CPU
		{A053B7AE-F3A7-4B90-9E18-25244FE91AAD}.Release|Any CPU.Build.0 = Release|Any CPU
	EndGlobalSection
	GlobalSection(SolutionProperties) = preSolution
		HideSolutionNode = FALSE
	EndGlobalSection
	GlobalSection(ExtensibilityGlobals) = postSolution
		SolutionGuid = {183E3BCE-4C75-4218-9105-E155B182D9EF}
	EndGlobalSection
	GlobalSection(NestedProjects) = preSolution
		{41F7891A-C543-41C8-9BB1-24C0438D2021} = {E5F7A70F-6D70-40E9-A28F-74A497200AB6}
	EndGlobalSection
EndGlobal
